
Microsoft Visual Studio Solution File, Format Version 12.00
# Visual Studio Version 16
VisualStudioVersion = 16.0.29306.81
MinimumVisualStudioVersion = 10.0.40219.1
Project("{FAE04EC0-301F-11D3-BF4B-00C04F79EFBC}") = "ExamMVC", "ExamMVC\ExamMVC.csproj", "{C35FDD3E-7D0A-4FD2-993A-DADC58BEC069}"
EndProject
Global
	GlobalSection(SolutionConfigurationPlatforms) = preSolution
		Debug|Any CPU = Debug|Any CPU
		Release|Any CPU = Release|Any CPU
	EndGlobalSection
	GlobalSection(ProjectConfigurationPlatforms) = postSolution
		{C35FDD3E-7D0A-4FD2-993A-DADC58BEC069}.Debug|Any CPU.ActiveCfg = Debug|Any CPU
		{C35FDD3E-7D0A-4FD2-993A-DADC58BEC069}.Debug|Any CPU.Build.0 = Debug|Any CPU
		{C35FDD3E-7D0A-4FD2-993A-DADC58BEC069}.Release|Any CPU.ActiveCfg = Release|Any CPU
		{C35FDD3E-7D0A-4FD2-993A-DADC58BEC069}.Release|Any CPU.Build.0 = Release|Any CPU
	EndGlobalSection
	GlobalSection(SolutionProperties) = preSolution
		HideSolutionNode = FALSE
	EndGlobalSection
	GlobalSection(ExtensibilityGlobals) = postSolution
		SolutionGuid = {AEA2B078-2533-411B-8BAC-DC26E4BC7C87}
	EndGlobalSection
EndGlobal
